PODS:
  - R.swift (4.0.0):
    - R.swift.Library (~> 4.0.0)
  - R.swift.Library (4.0.0)
  - SWRevealViewController (2.3.0)

DEPENDENCIES:
  - R.swift (from `.`)
  - SWRevealViewController

SPEC REPOS:
  https://github.com/CocoaPods/Specs.git:
    - R.swift.Library
    - SWRevealViewController

EXTERNAL SOURCES:
  R.swift:
    :path: "."

SPEC CHECKSUMS:
  R.swift: c8d664eb3527fbf39083244787d5970b2bef80b0
  R.swift.Library: c3af34921024333546e23b70e70d0b4e0cffca75
  SWRevealViewController: 6d3fd97f70112fd7cef9de14df4260eacce4c63a

PODFILE CHECKSUM: 8b887202826827ba93180d5c198357ee68089277

COCOAPODS: 1.5.0
