PODS:
  - R.swift (5.0.0.alpha.2):
    - R.swift.Library (~> 5.0.0.alpha.2)
  - R.swift.Library (5.0.0.alpha.2)
  - SWRevealViewController (2.3.0)

DEPENDENCIES:
  - R.swift (from `.`)
  - SWRevealViewController

SPEC REPOS:
  https://github.com/cocoapods/specs.git:
    - R.swift.Library
    - SWRevealViewController

EXTERNAL SOURCES:
  R.swift:
    :path: "."

SPEC CHECKSUMS:
  R.swift: c591fa10c873cc31b4d56c95d4e52f1850a295a8
  R.swift.Library: 3c21b823839bf5a6769dc7f96cb44479dab51b1b
  SWRevealViewController: 6d3fd97f70112fd7cef9de14df4260eacce4c63a

PODFILE CHECKSUM: 7b593fd7585ba524a33f5ca52e8085013a4570ac

COCOAPODS: 1.5.3
